// !$*UTF8*$!
{
	archiveVersion = 1;
	classes = {
	};
	objectVersion = 46;
	objects = {

/* Begin PBXBuildFile section */
		16BA95420A7EB2EB001E4983 /* v002_Open_KinectPlugIn.m in Sources */ = {isa = PBXBuildFile; fileRef = 16BA95410A7EB2EB001E4983 /* v002_Open_KinectPlugIn.m */; };
		16BA96310A7EB9AC001E4983 /* Quartz.framework in Frameworks */ = {isa = PBXBuildFile; fileRef = 16BA96300A7EB9AC001E4983 /* Quartz.framework */; };
		1B05E58B137AF4850032471B /* OpenGL.framework in Frameworks */ = {isa = PBXBuildFile; fileRef = 1B05E58A137AF4850032471B /* OpenGL.framework */; };
		1B05E5FD137AFF120032471B /* v002.OpenKinectDepth.vert in CopyFiles */ = {isa = PBXBuildFile; fileRef = 1B05E5F8137AFBE60032471B /* v002.OpenKinectDepth.vert */; };
		1B05E5FE137AFF120032471B /* v002.OpenKinectDepth.frag in CopyFiles */ = {isa = PBXBuildFile; fileRef = 1B05E5F9137AFBED0032471B /* v002.OpenKinectDepth.frag */; };
		1B26D7331B1755E200287C29 /* cv2.so in Frameworks */ = {isa = PBXBuildFile; fileRef = 1B26D7211B1755E200287C29 /* cv2.so */; };
		1B26D7341B1755E200287C29 /* libopencv_calib3d.a in Frameworks */ = {isa = PBXBuildFile; fileRef = 1B26D7221B1755E200287C29 /* libopencv_calib3d.a */; };
		1B26D7351B1755E200287C29 /* libopencv_core.a in Frameworks */ = {isa = PBXBuildFile; fileRef = 1B26D7231B1755E200287C29 /* libopencv_core.a */; };
		1B26D7361B1755E200287C29 /* libopencv_features2d.a in Frameworks */ = {isa = PBXBuildFile; fileRef = 1B26D7241B1755E200287C29 /* libopencv_features2d.a */; };
		1B26D7371B1755E200287C29 /* libopencv_flann.a in Frameworks */ = {isa = PBXBuildFile; fileRef = 1B26D7251B1755E200287C29 /* libopencv_flann.a */; };
		1B26D7381B1755E200287C29 /* libopencv_highgui.a in Frameworks */ = {isa = PBXBuildFile; fileRef = 1B26D7261B1755E200287C29 /* libopencv_highgui.a */; };
		1B26D7391B1755E200287C29 /* libopencv_imgcodecs.a in Frameworks */ = {isa = PBXBuildFile; fileRef = 1B26D7271B1755E200287C29 /* libopencv_imgcodecs.a */; };
		1B26D73A1B1755E200287C29 /* libopencv_imgproc.a in Frameworks */ = {isa = PBXBuildFile; fileRef = 1B26D7281B1755E200287C29 /* libopencv_imgproc.a */; };
		1B26D73B1B1755E200287C29 /* libopencv_ml.a in Frameworks */ = {isa = PBXBuildFile; fileRef = 1B26D7291B1755E200287C29 /* libopencv_ml.a */; };
		1B26D73C1B1755E200287C29 /* libopencv_objdetect.a in Frameworks */ = {isa = PBXBuildFile; fileRef = 1B26D72A1B1755E200287C29 /* libopencv_objdetect.a */; };
		1B26D73D1B1755E200287C29 /* libopencv_photo.a in Frameworks */ = {isa = PBXBuildFile; fileRef = 1B26D72B1B1755E200287C29 /* libopencv_photo.a */; };
		1B26D73E1B1755E200287C29 /* libopencv_shape.a in Frameworks */ = {isa = PBXBuildFile; fileRef = 1B26D72C1B1755E200287C29 /* libopencv_shape.a */; };
		1B26D73F1B1755E200287C29 /* libopencv_stitching.a in Frameworks */ = {isa = PBXBuildFile; fileRef = 1B26D72D1B1755E200287C29 /* libopencv_stitching.a */; };
		1B26D7401B1755E200287C29 /* libopencv_superres.a in Frameworks */ = {isa = PBXBuildFile; fileRef = 1B26D72E1B1755E200287C29 /* libopencv_superres.a */; };
		1B26D7411B1755E200287C29 /* libopencv_ts.a in Frameworks */ = {isa = PBXBuildFile; fileRef = 1B26D72F1B1755E200287C29 /* libopencv_ts.a */; };
		1B26D7421B1755E200287C29 /* libopencv_video.a in Frameworks */ = {isa = PBXBuildFile; fileRef = 1B26D7301B1755E200287C29 /* libopencv_video.a */; };
		1B26D7431B1755E200287C29 /* libopencv_videoio.a in Frameworks */ = {isa = PBXBuildFile; fileRef = 1B26D7311B1755E200287C29 /* libopencv_videoio.a */; };
		1B26D7441B1755E200287C29 /* libopencv_videostab.a in Frameworks */ = {isa = PBXBuildFile; fileRef = 1B26D7321B1755E200287C29 /* libopencv_videostab.a */; };
		1B26D7481B175C6A00287C29 /* OpenCL.framework in Frameworks */ = {isa = PBXBuildFile; fileRef = 1B26D7471B175C6A00287C29 /* OpenCL.framework */; };
		1B26D7491B175C7300287C29 /* OpenGL.framework in Frameworks */ = {isa = PBXBuildFile; fileRef = 1B05E58A137AF4850032471B /* OpenGL.framework */; };
		1B26D74B1B175C8100287C29 /* libz.dylib in Frameworks */ = {isa = PBXBuildFile; fileRef = 1B26D74A1B175C8100287C29 /* libz.dylib */; };
		1B26D74E1B1A41F300287C29 /* v002_Open_Kinect_FurthestDepthImagePlugIn.m in Sources */ = {isa = PBXBuildFile; fileRef = 1B26D74D1B1A41F300287C29 /* v002_Open_Kinect_FurthestDepthImagePlugIn.m */; };
		1B26D7511B1A4D5D00287C29 /* v002MasterPluginInterface.m in Sources */ = {isa = PBXBuildFile; fileRef = 1B58798E1550AFF3006A9933 /* v002MasterPluginInterface.m */; };
		1B26D7521B1A752900287C29 /* v002.OpenKinectFurthestDepth.vert in CopyFiles */ = {isa = PBXBuildFile; fileRef = 1B26D74F1B1A484400287C29 /* v002.OpenKinectFurthestDepth.vert */; };
		1B26D7531B1A752900287C29 /* v002.OpenKinectFurthestDepth.frag in CopyFiles */ = {isa = PBXBuildFile; fileRef = 1B26D7501B1A485700287C29 /* v002.OpenKinectFurthestDepth.frag */; };
		1B56E8E812EE5E3D00240B43 /* Accelerate.framework in Frameworks */ = {isa = PBXBuildFile; fileRef = 1B56E8C912EE5BB400240B43 /* Accelerate.framework */; };
		1B578C361B02ECE200D76F62 /* audio.c in Sources */ = {isa = PBXBuildFile; fileRef = 1B578C251B02ECE200D76F62 /* audio.c */; };
		1B578C371B02ECE200D76F62 /* cameras.c in Sources */ = {isa = PBXBuildFile; fileRef = 1B578C261B02ECE200D76F62 /* cameras.c */; };
		1B578C381B02ECE200D76F62 /* core.c in Sources */ = {isa = PBXBuildFile; fileRef = 1B578C291B02ECE200D76F62 /* core.c */; };
		1B578C391B02ECE200D76F62 /* flags.c in Sources */ = {isa = PBXBuildFile; fileRef = 1B578C2A1B02ECE200D76F62 /* flags.c */; };
		1B578C3A1B02ECE200D76F62 /* loader.c in Sources */ = {isa = PBXBuildFile; fileRef = 1B578C2F1B02ECE200D76F62 /* loader.c */; };
		1B578C3B1B02ECE200D76F62 /* registration.c in Sources */ = {isa = PBXBuildFile; fileRef = 1B578C311B02ECE200D76F62 /* registration.c */; };
		1B578C3C1B02ECE200D76F62 /* tilt.c in Sources */ = {isa = PBXBuildFile; fileRef = 1B578C331B02ECE200D76F62 /* tilt.c */; };
		1B578C3D1B02ECE200D76F62 /* usb_libusb10.c in Sources */ = {isa = PBXBuildFile; fileRef = 1B578C341B02ECE200D76F62 /* usb_libusb10.c */; };
		1B578C3E1B02ED5C00D76F62 /* libusb-1.0.0.dylib in CopyFiles */ = {isa = PBXBuildFile; fileRef = 1B8094EB15B5BA2B00CA3BCA /* libusb-1.0.0.dylib */; settings = {ATTRIBUTES = (CodeSignOnCopy, ); }; };
		1B5879921550AFF3006A9933 /* v002FBO.m in Sources */ = {isa = PBXBuildFile; fileRef = 1B58798C1550AFF3006A9933 /* v002FBO.m */; };
		1B5879941550AFF3006A9933 /* v002Shader.m in Sources */ = {isa = PBXBuildFile; fileRef = 1B5879901550AFF3006A9933 /* v002Shader.m */; };
		1B5FE4FD1B20E5FF00EED2A1 /* v002_Open_Kinect_FurthestDepthImagePlugIn.m in Sources */ = {isa = PBXBuildFile; fileRef = 1B5FE4FC1B20E5FF00EED2A1 /* v002_Open_Kinect_FurthestDepthImagePlugIn.m */; };
		1B8094EC15B5BA2B00CA3BCA /* libusb-1.0.0.dylib in Frameworks */ = {isa = PBXBuildFile; fileRef = 1B8094EB15B5BA2B00CA3BCA /* libusb-1.0.0.dylib */; };
		1B999E5515BF65A000AFA262 /* icon.icns in CopyFiles */ = {isa = PBXBuildFile; fileRef = 1B999E5415BF653700AFA262 /* icon.icns */; };
		8D5B49B4048680CD000E48DA /* Cocoa.framework in Frameworks */ = {isa = PBXBuildFile; fileRef = 1058C7ADFEA557BF11CA2CBB /* Cocoa.framework */; };
/* End PBXBuildFile section */

/* Begin PBXCopyFilesBuildPhase section */
		1B05E609137AFF170032471B /* CopyFiles */ = {
			isa = PBXCopyFilesBuildPhase;
			buildActionMask = 2147483647;
			dstPath = "";
			dstSubfolderSpec = 7;
			files = (
				1B26D7521B1A752900287C29 /* v002.OpenKinectFurthestDepth.vert in CopyFiles */,
				1B26D7531B1A752900287C29 /* v002.OpenKinectFurthestDepth.frag in CopyFiles */,
				1B999E5515BF65A000AFA262 /* icon.icns in CopyFiles */,
				1B05E5FD137AFF120032471B /* v002.OpenKinectDepth.vert in CopyFiles */,
				1B05E5FE137AFF120032471B /* v002.OpenKinectDepth.frag in CopyFiles */,
			);
			runOnlyForDeploymentPostprocessing = 0;
		};
		1BAEAD22130CEA5600004F32 /* CopyFiles */ = {
			isa = PBXCopyFilesBuildPhase;
			buildActionMask = 2147483647;
			dstPath = "";
			dstSubfolderSpec = 10;
			files = (
				1B578C3E1B02ED5C00D76F62 /* libusb-1.0.0.dylib in CopyFiles */,
			);
			runOnlyForDeploymentPostprocessing = 0;
		};
/* End PBXCopyFilesBuildPhase section */

/* Begin PBXFileReference section */
		1058C7ADFEA557BF11CA2CBB /* Cocoa.framework */ = {isa = PBXFileReference; lastKnownFileType = wrapper.framework; name = Cocoa.framework; path = /System/Library/Frameworks/Cocoa.framework; sourceTree = "<absolute>"; };
		16AA5C440A7EEE7300888E31 /* v002 Open Kinect_Prefix.pch */ = {isa = PBXFileReference; fileEncoding = 30; lastKnownFileType = sourcecode.c.h; path = "v002 Open Kinect_Prefix.pch"; sourceTree = "<group>"; };
		16BA95400A7EB2EB001E4983 /* v002_Open_KinectPlugIn.h */ = {isa = PBXFileReference; fileEncoding = 30; lastKnownFileType = sourcecode.c.h; path = v002_Open_KinectPlugIn.h; sourceTree = "<group>"; };
		16BA95410A7EB2EB001E4983 /* v002_Open_KinectPlugIn.m */ = {isa = PBXFileReference; fileEncoding = 30; lastKnownFileType = sourcecode.c.objc; path = v002_Open_KinectPlugIn.m; sourceTree = "<group>"; };
		16BA96300A7EB9AC001E4983 /* Quartz.framework */ = {isa = PBXFileReference; lastKnownFileType = wrapper.framework; name = Quartz.framework; path = /System/Library/Frameworks/Quartz.framework; sourceTree = "<absolute>"; };
		1B05E58A137AF4850032471B /* OpenGL.framework */ = {isa = PBXFileReference; lastKnownFileType = wrapper.framework; name = OpenGL.framework; path = System/Library/Frameworks/OpenGL.framework; sourceTree = SDKROOT; };
		1B05E5F8137AFBE60032471B /* v002.OpenKinectDepth.vert */ = {isa = PBXFileReference; fileEncoding = 4; lastKnownFileType = sourcecode.glsl; path = v002.OpenKinectDepth.vert; sourceTree = "<group>"; };
		1B05E5F9137AFBED0032471B /* v002.OpenKinectDepth.frag */ = {isa = PBXFileReference; fileEncoding = 4; lastKnownFileType = sourcecode.glsl; path = v002.OpenKinectDepth.frag; sourceTree = "<group>"; };
		1B05E6AE137B09300032471B /* libusb.h */ = {isa = PBXFileReference; fileEncoding = 4; lastKnownFileType = sourcecode.c.h; path = libusb.h; sourceTree = "<group>"; };
		1B05E6CB137B0AC00032471B /* libfreenect.h */ = {isa = PBXFileReference; fileEncoding = 4; lastKnownFileType = sourcecode.c.h; path = libfreenect.h; sourceTree = "<group>"; };
		1B26D6491B1755E200287C29 /* cv.h */ = {isa = PBXFileReference; fileEncoding = 4; lastKnownFileType = sourcecode.c.h; path = cv.h; sourceTree = "<group>"; };
		1B26D64A1B1755E200287C29 /* cv.hpp */ = {isa = PBXFileReference; fileEncoding = 4; lastKnownFileType = sourcecode.cpp.h; path = cv.hpp; sourceTree = "<group>"; };
		1B26D64B1B1755E200287C29 /* cvaux.h */ = {isa = PBXFileReference; fileEncoding = 4; lastKnownFileType = sourcecode.c.h; path = cvaux.h; sourceTree = "<group>"; };
		1B26D64C1B1755E200287C29 /* cvaux.hpp */ = {isa = PBXFileReference; fileEncoding = 4; lastKnownFileType = sourcecode.cpp.h; path = cvaux.hpp; sourceTree = "<group>"; };
		1B26D64D1B1755E200287C29 /* cvwimage.h */ = {isa = PBXFileReference; fileEncoding = 4; lastKnownFileType = sourcecode.c.h; path = cvwimage.h; sourceTree = "<group>"; };
		1B26D64E1B1755E200287C29 /* cxcore.h */ = {isa = PBXFileReference; fileEncoding = 4; lastKnownFileType = sourcecode.c.h; path = cxcore.h; sourceTree = "<group>"; };
		1B26D64F1B1755E200287C29 /* cxcore.hpp */ = {isa = PBXFileReference; fileEncoding = 4; lastKnownFileType = sourcecode.cpp.h; path = cxcore.hpp; sourceTree = "<group>"; };
		1B26D6501B1755E200287C29 /* cxeigen.hpp */ = {isa = PBXFileReference; fileEncoding = 4; lastKnownFileType = sourcecode.cpp.h; path = cxeigen.hpp; sourceTree = "<group>"; };
		1B26D6511B1755E200287C29 /* cxmisc.h */ = {isa = PBXFileReference; fileEncoding = 4; lastKnownFileType = sourcecode.c.h; path = cxmisc.h; sourceTree = "<group>"; };
		1B26D6521B1755E200287C29 /* highgui.h */ = {isa = PBXFileReference; fileEncoding = 4; lastKnownFileType = sourcecode.c.h; path = highgui.h; sourceTree = "<group>"; };
		1B26D6531B1755E200287C29 /* ml.h */ = {isa = PBXFileReference; fileEncoding = 4; lastKnownFileType = sourcecode.c.h; path = ml.h; sourceTree = "<group>"; };
		1B26D6561B1755E200287C29 /* calib3d.hpp */ = {isa = PBXFileReference; fileEncoding = 4; lastKnownFileType = sourcecode.cpp.h; path = calib3d.hpp; sourceTree = "<group>"; };
		1B26D6571B1755E200287C29 /* calib3d_c.h */ = {isa = PBXFileReference; fileEncoding = 4; lastKnownFileType = sourcecode.c.h; path = calib3d_c.h; sourceTree = "<group>"; };
		1B26D6581B1755E200287C29 /* calib3d.hpp */ = {isa = PBXFileReference; fileEncoding = 4; lastKnownFileType = sourcecode.cpp.h; path = calib3d.hpp; sourceTree = "<group>"; };
		1B26D65A1B1755E200287C29 /* affine.hpp */ = {isa = PBXFileReference; fileEncoding = 4; lastKnownFileType = sourcecode.cpp.h; path = affine.hpp; sourceTree = "<group>"; };
		1B26D65B1B1755E200287C29 /* base.hpp */ = {isa = PBXFileReference; fileEncoding = 4; lastKnownFileType = sourcecode.cpp.h; path = base.hpp; sourceTree = "<group>"; };
		1B26D65C1B1755E200287C29 /* bufferpool.hpp */ = {isa = PBXFileReference; fileEncoding = 4; lastKnownFileType = sourcecode.cpp.h; path = bufferpool.hpp; sourceTree = "<group>"; };
		1B26D65D1B1755E200287C29 /* core.hpp */ = {isa = PBXFileReference; fileEncoding = 4; lastKnownFileType = sourcecode.cpp.h; path = core.hpp; sourceTree = "<group>"; };
		1B26D65E1B1755E200287C29 /* core_c.h */ = {isa = PBXFileReference; fileEncoding = 4; lastKnownFileType = sourcecode.c.h; path = core_c.h; sourceTree = "<group>"; };
		1B26D6601B1755E200287C29 /* block.hpp */ = {isa = PBXFileReference; fileEncoding = 4; lastKnownFileType = sourcecode.cpp.h; path = block.hpp; sourceTree = "<group>"; };
		1B26D6611B1755E200287C29 /* border_interpolate.hpp */ = {isa = PBXFileReference; fileEncoding = 4; lastKnownFileType = sourcecode.cpp.h; path = border_interpolate.hpp; sourceTree = "<group>"; };
		1B26D6621B1755E200287C29 /* color.hpp */ = {isa = PBXFileReference; fileEncoding = 4; lastKnownFileType = sourcecode.cpp.h; path = color.hpp; sourceTree = "<group>"; };
		1B26D6631B1755E200287C29 /* common.hpp */ = {isa = PBXFileReference; fileEncoding = 4; lastKnownFileType = sourcecode.cpp.h; path = common.hpp; sourceTree = "<group>"; };
		1B26D6641B1755E200287C29 /* datamov_utils.hpp */ = {isa = PBXFileReference; fileEncoding = 4; lastKnownFileType = sourcecode.cpp.h; path = datamov_utils.hpp; sourceTree = "<group>"; };
		1B26D6661B1755E200287C29 /* color_detail.hpp */ = {isa = PBXFileReference; fileEncoding = 4; lastKnownFileType = sourcecode.cpp.h; path = color_detail.hpp; sourceTree = "<group>"; };
		1B26D6671B1755E200287C29 /* reduce.hpp */ = {isa = PBXFileReference; fileEncoding = 4; lastKnownFileType = sourcecode.cpp.h; path = reduce.hpp; sourceTree = "<group>"; };
		1B26D6681B1755E200287C29 /* reduce_key_val.hpp */ = {isa = PBXFileReference; fileEncoding = 4; lastKnownFileType = sourcecode.cpp.h; path = reduce_key_val.hpp; sourceTree = "<group>"; };
		1B26D6691B1755E200287C29 /* transform_detail.hpp */ = {isa = PBXFileReference; fileEncoding = 4; lastKnownFileType = sourcecode.cpp.h; path = transform_detail.hpp; sourceTree = "<group>"; };
		1B26D66A1B1755E200287C29 /* type_traits_detail.hpp */ = {isa = PBXFileReference; fileEncoding = 4; lastKnownFileType = sourcecode.cpp.h; path = type_traits_detail.hpp; sourceTree = "<group>"; };
		1B26D66B1B1755E200287C29 /* vec_distance_detail.hpp */ = {isa = PBXFileReference; fileEncoding = 4; lastKnownFileType = sourcecode.cpp.h; path = vec_distance_detail.hpp; sourceTree = "<group>"; };
		1B26D66C1B1755E200287C29 /* dynamic_smem.hpp */ = {isa = PBXFileReference; fileEncoding = 4; lastKnownFileType = sourcecode.cpp.h; path = dynamic_smem.hpp; sourceTree = "<group>"; };
		1B26D66D1B1755E200287C29 /* emulation.hpp */ = {isa = PBXFileReference; fileEncoding = 4; lastKnownFileType = sourcecode.cpp.h; path = emulation.hpp; sourceTree = "<group>"; };
		1B26D66E1B1755E200287C29 /* filters.hpp */ = {isa = PBXFileReference; fileEncoding = 4; lastKnownFileType = sourcecode.cpp.h; path = filters.hpp; sourceTree = "<group>"; };
		1B26D66F1B1755E200287C29 /* funcattrib.hpp */ = {isa = PBXFileReference; fileEncoding = 4; lastKnownFileType = sourcecode.cpp.h; path = funcattrib.hpp; sourceTree = "<group>"; };
		1B26D6701B1755E200287C29 /* functional.hpp */ = {isa = PBXFileReference; fileEncoding = 4; lastKnownFileType = sourcecode.cpp.h; path = functional.hpp; sourceTree = "<group>"; };
		1B26D6711B1755E200287C29 /* limits.hpp */ = {isa = PBXFileReference; fileEncoding = 4; lastKnownFileType = sourcecode.cpp.h; path = limits.hpp; sourceTree = "<group>"; };
		1B26D6721B1755E200287C29 /* reduce.hpp */ = {isa = PBXFileReference; fileEncoding = 4; lastKnownFileType = sourcecode.cpp.h; path = reduce.hpp; sourceTree = "<group>"; };
		1B26D6731B1755E200287C29 /* saturate_cast.hpp */ = {isa = PBXFileReference; fileEncoding = 4; lastKnownFileType = sourcecode.cpp.h; path = saturate_cast.hpp; sourceTree = "<group>"; };
		1B26D6741B1755E200287C29 /* scan.hpp */ = {isa = PBXFileReference; fileEncoding = 4; lastKnownFileType = sourcecode.cpp.h; path = scan.hpp; sourceTree = "<group>"; };
		1B26D6751B1755E200287C29 /* simd_functions.hpp */ = {isa = PBXFileReference; fileEncoding = 4; lastKnownFileType = sourcecode.cpp.h; path = simd_functions.hpp; sourceTree = "<group>"; };
		1B26D6761B1755E200287C29 /* transform.hpp */ = {isa = PBXFileReference; fileEncoding = 4; lastKnownFileType = sourcecode.cpp.h; path = transform.hpp; sourceTree = "<group>"; };
		1B26D6771B1755E200287C29 /* type_traits.hpp */ = {isa = PBXFileReference; fileEncoding = 4; lastKnownFileType = sourcecode.cpp.h; path = type_traits.hpp; sourceTree = "<group>"; };
		1B26D6781B1755E200287C29 /* utility.hpp */ = {isa = PBXFileReference; fileEncoding = 4; lastKnownFileType = sourcecode.cpp.h; path = utility.hpp; sourceTree = "<group>"; };
		1B26D6791B1755E200287C29 /* vec_distance.hpp */ = {isa = PBXFileReference; fileEncoding = 4; lastKnownFileType = sourcecode.cpp.h; path = vec_distance.hpp; sourceTree = "<group>"; };
		1B26D67A1B1755E200287C29 /* vec_math.hpp */ = {isa = PBXFileReference; fileEncoding = 4; lastKnownFileType = sourcecode.cpp.h; path = vec_math.hpp; sourceTree = "<group>"; };
		1B26D67B1B1755E200287C29 /* vec_traits.hpp */ = {isa = PBXFileReference; fileEncoding = 4; lastKnownFileType = sourcecode.cpp.h; path = vec_traits.hpp; sourceTree = "<group>"; };
		1B26D67C1B1755E200287C29 /* warp.hpp */ = {isa = PBXFileReference; fileEncoding = 4; lastKnownFileType = sourcecode.cpp.h; path = warp.hpp; sourceTree = "<group>"; };
		1B26D67D1B1755E200287C29 /* warp_reduce.hpp */ = {isa = PBXFileReference; fileEncoding = 4; lastKnownFileType = sourcecode.cpp.h; path = warp_reduce.hpp; sourceTree = "<group>"; };
		1B26D67E1B1755E200287C29 /* warp_shuffle.hpp */ = {isa = PBXFileReference; fileEncoding = 4; lastKnownFileType = sourcecode.cpp.h; path = warp_shuffle.hpp; sourceTree = "<group>"; };
		1B26D67F1B1755E200287C29 /* cuda.hpp */ = {isa = PBXFileReference; fileEncoding = 4; lastKnownFileType = sourcecode.cpp.h; path = cuda.hpp; sourceTree = "<group>"; };
		1B26D6801B1755E200287C29 /* cuda.inl.hpp */ = {isa = PBXFileReference; fileEncoding = 4; lastKnownFileType = sourcecode.cpp.h; path = cuda.inl.hpp; sourceTree = "<group>"; };
		1B26D6811B1755E200287C29 /* cuda_stream_accessor.hpp */ = {isa = PBXFileReference; fileEncoding = 4; lastKnownFileType = sourcecode.cpp.h; path = cuda_stream_accessor.hpp; sourceTree = "<group>"; };
		1B26D6821B1755E200287C29 /* cuda_types.hpp */ = {isa = PBXFileReference; fileEncoding = 4; lastKnownFileType = sourcecode.cpp.h; path = cuda_types.hpp; sourceTree = "<group>"; };
		1B26D6831B1755E200287C29 /* cvdef.h */ = {isa = PBXFileReference; fileEncoding = 4; lastKnownFileType = sourcecode.c.h; path = cvdef.h; sourceTree = "<group>"; };
		1B26D6841B1755E200287C29 /* cvstd.hpp */ = {isa = PBXFileReference; fileEncoding = 4; lastKnownFileType = sourcecode.cpp.h; path = cvstd.hpp; sourceTree = "<group>"; };
		1B26D6851B1755E200287C29 /* cvstd.inl.hpp */ = {isa = PBXFileReference; fileEncoding = 4; lastKnownFileType = sourcecode.cpp.h; path = cvstd.inl.hpp; sourceTree = "<group>"; };
		1B26D6861B1755E200287C29 /* directx.hpp */ = {isa = PBXFileReference; fileEncoding = 4; lastKnownFileType = sourcecode.cpp.h; path = directx.hpp; sourceTree = "<group>"; };
		1B26D6871B1755E200287C29 /* eigen.hpp */ = {isa = PBXFileReference; fileEncoding = 4; lastKnownFileType = sourcecode.cpp.h; path = eigen.hpp; sourceTree = "<group>"; };
		1B26D6881B1755E200287C29 /* ippasync.hpp */ = {isa = PBXFileReference; fileEncoding = 4; lastKnownFileType = sourcecode.cpp.h; path = ippasync.hpp; sourceTree = "<group>"; };
		1B26D6891B1755E200287C29 /* mat.hpp */ = {isa = PBXFileReference; fileEncoding = 4; lastKnownFileType = sourcecode.cpp.h; path = mat.hpp; sourceTree = "<group>"; };
		1B26D68A1B1755E200287C29 /* mat.inl.hpp */ = {isa = PBXFileReference; fileEncoding = 4; lastKnownFileType = sourcecode.cpp.h; path = mat.inl.hpp; sourceTree = "<group>"; };
		1B26D68B1B1755E200287C29 /* matx.hpp */ = {isa = PBXFileReference; fileEncoding = 4; lastKnownFileType = sourcecode.cpp.h; path = matx.hpp; sourceTree = "<group>"; };
		1B26D68C1B1755E200287C29 /* ocl.hpp */ = {isa = PBXFileReference; fileEncoding = 4; lastKnownFileType = sourcecode.cpp.h; path = ocl.hpp; sourceTree = "<group>"; };
		1B26D68D1B1755E200287C29 /* ocl_genbase.hpp */ = {isa = PBXFileReference; fileEncoding = 4; lastKnownFileType = sourcecode.cpp.h; path = ocl_genbase.hpp; sourceTree = "<group>"; };
		1B26D68E1B1755E200287C29 /* opengl.hpp */ = {isa = PBXFileReference; fileEncoding = 4; lastKnownFileType = sourcecode.cpp.h; path = opengl.hpp; sourceTree = "<group>"; };
		1B26D68F1B1755E200287C29 /* operations.hpp */ = {isa = PBXFileReference; fileEncoding = 4; lastKnownFileType = sourcecode.cpp.h; path = operations.hpp; sourceTree = "<group>"; };
		1B26D6901B1755E200287C29 /* optim.hpp */ = {isa = PBXFileReference; fileEncoding = 4; lastKnownFileType = sourcecode.cpp.h; path = optim.hpp; sourceTree = "<group>"; };
		1B26D6911B1755E200287C29 /* persistence.hpp */ = {isa = PBXFileReference; fileEncoding = 4; lastKnownFileType = sourcecode.cpp.h; path = persistence.hpp; sourceTree = "<group>"; };
		1B26D6921B1755E200287C29 /* private.cuda.hpp */ = {isa = PBXFileReference; fileEncoding = 4; lastKnownFileType = sourcecode.cpp.h; path = private.cuda.hpp; sourceTree = "<group>"; };
		1B26D6931B1755E200287C29 /* private.hpp */ = {isa = PBXFileReference; fileEncoding = 4; lastKnownFileType = sourcecode.cpp.h; path = private.hpp; sourceTree = "<group>"; };
		1B26D6941B1755E200287C29 /* ptr.inl.hpp */ = {isa = PBXFileReference; fileEncoding = 4; lastKnownFileType = sourcecode.cpp.h; path = ptr.inl.hpp; sourceTree = "<group>"; };
		1B26D6951B1755E200287C29 /* traits.hpp */ = {isa = PBXFileReference; fileEncoding = 4; lastKnownFileType = sourcecode.cpp.h; path = traits.hpp; sourceTree = "<group>"; };
		1B26D6961B1755E200287C29 /* types.hpp */ = {isa = PBXFileReference; fileEncoding = 4; lastKnownFileType = sourcecode.cpp.h; path = types.hpp; sourceTree = "<group>"; };
		1B26D6971B1755E200287C29 /* types_c.h */ = {isa = PBXFileReference; fileEncoding = 4; lastKnownFileType = sourcecode.c.h; path = types_c.h; sourceTree = "<group>"; };
		1B26D6981B1755E200287C29 /* utility.hpp */ = {isa = PBXFileReference; fileEncoding = 4; lastKnownFileType = sourcecode.cpp.h; path = utility.hpp; sourceTree = "<group>"; };
		1B26D6991B1755E200287C29 /* version.hpp */ = {isa = PBXFileReference; fileEncoding = 4; lastKnownFileType = sourcecode.cpp.h; path = version.hpp; sourceTree = "<group>"; };
		1B26D69A1B1755E200287C29 /* wimage.hpp */ = {isa = PBXFileReference; fileEncoding = 4; lastKnownFileType = sourcecode.cpp.h; path = wimage.hpp; sourceTree = "<group>"; };
		1B26D69B1B1755E200287C29 /* core.hpp */ = {isa = PBXFileReference; fileEncoding = 4; lastKnownFileType = sourcecode.cpp.h; path = core.hpp; sourceTree = "<group>"; };
		1B26D69D1B1755E200287C29 /* features2d.hpp */ = {isa = PBXFileReference; fileEncoding = 4; lastKnownFileType = sourcecode.cpp.h; path = features2d.hpp; sourceTree = "<group>"; };
		1B26D69E1B1755E200287C29 /* features2d.hpp */ = {isa = PBXFileReference; fileEncoding = 4; lastKnownFileType = sourcecode.cpp.h; path = features2d.hpp; sourceTree = "<group>"; };
		1B26D6A01B1755E200287C29 /* all_indices.h */ = {isa = PBXFileReference; fileEncoding = 4; lastKnownFileType = sourcecode.c.h; path = all_indices.h; sourceTree = "<group>"; };
		1B26D6A11B1755E200287C29 /* allocator.h */ = {isa = PBXFileReference; fileEncoding = 4; lastKnownFileType = sourcecode.c.h; path = allocator.h; sourceTree = "<group>"; };
		1B26D6A21B1755E200287C29 /* any.h */ = {isa = PBXFileReference; fileEncoding = 4; lastKnownFileType = sourcecode.c.h; path = any.h; sourceTree = "<group>"; };
		1B26D6A31B1755E200287C29 /* autotuned_index.h */ = {isa = PBXFileReference; fileEncoding = 4; lastKnownFileType = sourcecode.c.h; path = autotuned_index.h; sourceTree = "<group>"; };
		1B26D6A41B1755E200287C29 /* composite_index.h */ = {isa = PBXFileReference; fileEncoding = 4; lastKnownFileType = sourcecode.c.h; path = composite_index.h; sourceTree = "<group>"; };
		1B26D6A51B1755E200287C29 /* config.h */ = {isa = PBXFileReference; fileEncoding = 4; lastKnownFileType = sourcecode.c.h; path = config.h; sourceTree = "<group>"; };
		1B26D6A61B1755E200287C29 /* defines.h */ = {isa = PBXFileReference; fileEncoding = 4; lastKnownFileType = sourcecode.c.h; path = defines.h; sourceTree = "<group>"; };
		1B26D6A71B1755E200287C29 /* dist.h */ = {isa = PBXFileReference; fileEncoding = 4; lastKnownFileType = sourcecode.c.h; path = dist.h; sourceTree = "<group>"; };
		1B26D6A81B1755E200287C29 /* dummy.h */ = {isa = PBXFileReference; fileEncoding = 4; lastKnownFileType = sourcecode.c.h; path = dummy.h; sourceTree = "<group>"; };
		1B26D6A91B1755E200287C29 /* dynamic_bitset.h */ = {isa = PBXFileReference; fileEncoding = 4; lastKnownFileType = sourcecode.c.h; path = dynamic_bitset.h; sourceTree = "<group>"; };
		1B26D6AA1B1755E200287C29 /* flann.hpp */ = {isa = PBXFileReference; fileEncoding = 4; lastKnownFileType = sourcecode.cpp.h; path = flann.hpp; sourceTree = "<group>"; };
		1B26D6AB1B1755E200287C29 /* flann_base.hpp */ = {isa = PBXFileReference; fileEncoding = 4; lastKnownFileType = sourcecode.cpp.h; path = flann_base.hpp; sourceTree = "<group>"; };
		1B26D6AC1B1755E200287C29 /* general.h */ = {isa = PBXFileReference; fileEncoding = 4; lastKnownFileType = sourcecode.c.h; path = general.h; sourceTree = "<group>"; };
		1B26D6AD1B1755E200287C29 /* ground_truth.h */ = {isa = PBXFileReference; fileEncoding = 4; lastKnownFileType = sourcecode.c.h; path = ground_truth.h; sourceTree = "<group>"; };
		1B26D6AE1B1755E200287C29 /* hdf5.h */ = {isa = PBXFileReference; fileEncoding = 4; lastKnownFileType = sourcecode.c.h; path = hdf5.h; sourceTree = "<group>"; };
		1B26D6AF1B1755E200287C29 /* heap.h */ = {isa = PBXFileReference; fileEncoding = 4; lastKnownFileType = sourcecode.c.h; path = heap.h; sourceTree = "<group>"; };
		1B26D6B01B1755E200287C29 /* hierarchical_clustering_index.h */ = {isa = PBXFileReference; fileEncoding = 4; lastKnownFileType = sourcecode.c.h; path = hierarchical_clustering_index.h; sourceTree = "<group>"; };
		1B26D6B11B1755E200287C29 /* index_testing.h */ = {isa = PBXFileReference; fileEncoding = 4; lastKnownFileType = sourcecode.c.h; path = index_testing.h; sourceTree = "<group>"; };
		1B26D6B21B1755E200287C29 /* kdtree_index.h */ = {isa = PBXFileReference; fileEncoding = 4; lastKnownFileType = sourcecode.c.h; path = kdtree_index.h; sourceTree = "<group>"; };
		1B26D6B31B1755E200287C29 /* kdtree_single_index.h */ = {isa = PBXFileReference; fileEncoding = 4; lastKnownFileType = sourcecode.c.h; path = kdtree_single_index.h; sourceTree = "<group>"; };
		1B26D6B41B1755E200287C29 /* kmeans_index.h */ = {isa = PBXFileReference; fileEncoding = 4; lastKnownFileType = sourcecode.c.h; path = kmeans_index.h; sourceTree = "<group>"; };
		1B26D6B51B1755E200287C29 /* linear_index.h */ = {isa = PBXFileReference; fileEncoding = 4; lastKnownFileType = sourcecode.c.h; path = linear_index.h; sourceTree = "<group>"; };
		1B26D6B61B1755E200287C29 /* logger.h */ = {isa = PBXFileReference; fileEncoding = 4; lastKnownFileType = sourcecode.c.h; path = logger.h; sourceTree = "<group>"; };
		1B26D6B71B1755E200287C29 /* lsh_index.h */ = {isa = PBXFileReference; fileEncoding = 4; lastKnownFileType = sourcecode.c.h; path = lsh_index.h; sourceTree = "<group>"; };
		1B26D6B81B1755E200287C29 /* lsh_table.h */ = {isa = PBXFileReference; fileEncoding = 4; lastKnownFileType = sourcecode.c.h; path = lsh_table.h; sourceTree = "<group>"; };
		1B26D6B91B1755E200287C29 /* matrix.h */ = {isa = PBXFileReference; fileEncoding = 4; lastKnownFileType = sourcecode.c.h; path = matrix.h; sourceTree = "<group>"; };
		1B26D6BA1B1755E200287C29 /* miniflann.hpp */ = {isa = PBXFileReference; fileEncoding = 4; lastKnownFileType = sourcecode.cpp.h; path = miniflann.hpp; sourceTree = "<group>"; };
		1B26D6BB1B1755E200287C29 /* nn_index.h */ = {isa = PBXFileReference; fileEncoding = 4; lastKnownFileType = sourcecode.c.h; path = nn_index.h; sourceTree = "<group>"; };
		1B26D6BC1B1755E200287C29 /* object_factory.h */ = {isa = PBXFileReference; fileEncoding = 4; lastKnownFileType = sourcecode.c.h; path = object_factory.h; sourceTree = "<group>"; };
		1B26D6BD1B1755E200287C29 /* params.h */ = {isa = PBXFileReference; fileEncoding = 4; lastKnownFileType = sourcecode.c.h; path = params.h; sourceTree = "<group>"; };
		1B26D6BE1B1755E200287C29 /* random.h */ = {isa = PBXFileReference; fileEncoding = 4; lastKnownFileType = sourcecode.c.h; path = random.h; sourceTree = "<group>"; };
		1B26D6BF1B1755E200287C29 /* result_set.h */ = {isa = PBXFileReference; fileEncoding = 4; lastKnownFileType = sourcecode.c.h; path = result_set.h; sourceTree = "<group>"; };
		1B26D6C01B1755E200287C29 /* sampling.h */ = {isa = PBXFileReference; fileEncoding = 4; lastKnownFileType = sourcecode.c.h; path = sampling.h; sourceTree = "<group>"; };
		1B26D6C11B1755E200287C29 /* saving.h */ = {isa = PBXFileReference; fileEncoding = 4; lastKnownFileType = sourcecode.c.h; path = saving.h; sourceTree = "<group>"; };
		1B26D6C21B1755E200287C29 /* simplex_downhill.h */ = {isa = PBXFileReference; fileEncoding = 4; lastKnownFileType = sourcecode.c.h; path = simplex_downhill.h; sourceTree = "<group>"; };
		1B26D6C31B1755E200287C29 /* timer.h */ = {isa = PBXFileReference; fileEncoding = 4; lastKnownFileType = sourcecode.c.h; path = timer.h; sourceTree = "<group>"; };
		1B26D6C41B1755E200287C29 /* flann.hpp */ = {isa = PBXFileReference; fileEncoding = 4; lastKnownFileType = sourcecode.cpp.h; path = flann.hpp; sourceTree = "<group>"; };
		1B26D6C61B1755E200287C29 /* highgui.hpp */ = {isa = PBXFileReference; fileEncoding = 4; lastKnownFileType = sourcecode.cpp.h; path = highgui.hpp; sourceTree = "<group>"; };
		1B26D6C71B1755E200287C29 /* highgui_c.h */ = {isa = PBXFileReference; fileEncoding = 4; lastKnownFileType = sourcecode.c.h; path = highgui_c.h; sourceTree = "<group>"; };
		1B26D6C81B1755E200287C29 /* highgui.hpp */ = {isa = PBXFileReference; fileEncoding = 4; lastKnownFileType = sourcecode.cpp.h; path = highgui.hpp; sourceTree = "<group>"; };
		1B26D6CA1B1755E200287C29 /* imgcodecs.hpp */ = {isa = PBXFileReference; fileEncoding = 4; lastKnownFileType = sourcecode.cpp.h; path = imgcodecs.hpp; sourceTree = "<group>"; };
		1B26D6CB1B1755E200287C29 /* imgcodecs_c.h */ = {isa = PBXFileReference; fileEncoding = 4; lastKnownFileType = sourcecode.c.h; path = imgcodecs_c.h; sourceTree = "<group>"; };
		1B26D6CC1B1755E200287C29 /* ios.h */ = {isa = PBXFileReference; fileEncoding = 4; lastKnownFileType = sourcecode.c.h; path = ios.h; sourceTree = "<group>"; };
		1B26D6CD1B1755E200287C29 /* imgcodecs.hpp */ = {isa = PBXFileReference; fileEncoding = 4; lastKnownFileType = sourcecode.cpp.h; path = imgcodecs.hpp; sourceTree = "<group>"; };
		1B26D6CF1B1755E200287C29 /* imgproc.hpp */ = {isa = PBXFileReference; fileEncoding = 4; lastKnownFileType = sourcecode.cpp.h; path = imgproc.hpp; sourceTree = "<group>"; };
		1B26D6D01B1755E200287C29 /* imgproc_c.h */ = {isa = PBXFileReference; fileEncoding = 4; lastKnownFileType = sourcecode.c.h; path = imgproc_c.h; sourceTree = "<group>"; };
		1B26D6D11B1755E200287C29 /* types_c.h */ = {isa = PBXFileReference; fileEncoding = 4; lastKnownFileType = sourcecode.c.h; path = types_c.h; sourceTree = "<group>"; };
		1B26D6D21B1755E200287C29 /* imgproc.hpp */ = {isa = PBXFileReference; fileEncoding = 4; lastKnownFileType = sourcecode.cpp.h; path = imgproc.hpp; sourceTree = "<group>"; };
		1B26D6D41B1755E200287C29 /* ml.hpp */ = {isa = PBXFileReference; fileEncoding = 4; lastKnownFileType = sourcecode.cpp.h; path = ml.hpp; sourceTree = "<group>"; };
		1B26D6D51B1755E200287C29 /* ml.hpp */ = {isa = PBXFileReference; fileEncoding = 4; lastKnownFileType = sourcecode.cpp.h; path = ml.hpp; sourceTree = "<group>"; };
		1B26D6D71B1755E200287C29 /* detection_based_tracker.hpp */ = {isa = PBXFileReference; fileEncoding = 4; lastKnownFileType = sourcecode.cpp.h; path = detection_based_tracker.hpp; sourceTree = "<group>"; };
		1B26D6D81B1755E200287C29 /* objdetect.hpp */ = {isa = PBXFileReference; fileEncoding = 4; lastKnownFileType = sourcecode.cpp.h; path = objdetect.hpp; sourceTree = "<group>"; };
		1B26D6D91B1755E200287C29 /* objdetect_c.h */ = {isa = PBXFileReference; fileEncoding = 4; lastKnownFileType = sourcecode.c.h; path = objdetect_c.h; sourceTree = "<group>"; };
		1B26D6DA1B1755E200287C29 /* objdetect.hpp */ = {isa = PBXFileReference; fileEncoding = 4; lastKnownFileType = sourcecode.cpp.h; path = objdetect.hpp; sourceTree = "<group>"; };
		1B26D6DB1B1755E200287C29 /* opencv.hpp */ = {isa = PBXFileReference; fileEncoding = 4; lastKnownFileType = sourcecode.cpp.h; path = opencv.hpp; sourceTree = "<group>"; };
		1B26D6DC1B1755E200287C29 /* opencv_modules.hpp */ = {isa = PBXFileReference; fileEncoding = 4; lastKnownFileType = sourcecode.cpp.h; path = opencv_modules.hpp; sourceTree = "<group>"; };
		1B26D6DE1B1755E200287C29 /* cuda.hpp */ = {isa = PBXFileReference; fileEncoding = 4; lastKnownFileType = sourcecode.cpp.h; path = cuda.hpp; sourceTree = "<group>"; };
		1B26D6DF1B1755E200287C29 /* photo.hpp */ = {isa = PBXFileReference; fileEncoding = 4; lastKnownFileType = sourcecode.cpp.h; path = photo.hpp; sourceTree = "<group>"; };
		1B26D6E01B1755E200287C29 /* photo_c.h */ = {isa = PBXFileReference; fileEncoding = 4; lastKnownFileType = sourcecode.c.h; path = photo_c.h; sourceTree = "<group>"; };
		1B26D6E11B1755E200287C29 /* photo.hpp */ = {isa = PBXFileReference; fileEncoding = 4; lastKnownFileType = sourcecode.cpp.h; path = photo.hpp; sourceTree = "<group>"; };
		1B26D6E31B1755E200287C29 /* emdL1.hpp */ = {isa = PBXFileReference; fileEncoding = 4; lastKnownFileType = sourcecode.cpp.h; path = emdL1.hpp; sourceTree = "<group>"; };
		1B26D6E41B1755E200287C29 /* hist_cost.hpp */ = {isa = PBXFileReference; fileEncoding = 4; lastKnownFileType = sourcecode.cpp.h; path = hist_cost.hpp; sourceTree = "<group>"; };
		1B26D6E51B1755E200287C29 /* shape.hpp */ = {isa = PBXFileReference; fileEncoding = 4; lastKnownFileType = sourcecode.cpp.h; path = shape.hpp; sourceTree = "<group>"; };
		1B26D6E61B1755E200287C29 /* shape_distance.hpp */ = {isa = PBXFileReference; fileEncoding = 4; lastKnownFileType = sourcecode.cpp.h; path = shape_distance.hpp; sourceTree = "<group>"; };
		1B26D6E71B1755E200287C29 /* shape_transformer.hpp */ = {isa = PBXFileReference; fileEncoding = 4; lastKnownFileType = sourcecode.cpp.h; path = shape_transformer.hpp; sourceTree = "<group>"; };
		1B26D6E81B1755E200287C29 /* shape.hpp */ = {isa = PBXFileReference; fileEncoding = 4; lastKnownFileType = sourcecode.cpp.h; path = shape.hpp; sourceTree = "<group>"; };
		1B26D6EB1B1755E200287C29 /* autocalib.hpp */ = {isa = PBXFileReference; fileEncoding = 4; lastKnownFileType = sourcecode.cpp.h; path = autocalib.hpp; sourceTree = "<group>"; };
		1B26D6EC1B1755E200287C29 /* blenders.hpp */ = {isa = PBXFileReference; fileEncoding = 4; lastKnownFileType = sourcecode.cpp.h; path = blenders.hpp; sourceTree = "<group>"; };
		1B26D6ED1B1755E200287C29 /* camera.hpp */ = {isa = PBXFileReference; fileEncoding = 4; lastKnownFileType = sourcecode.cpp.h; path = camera.hpp; sourceTree = "<group>"; };
		1B26D6EE1B1755E200287C29 /* exposure_compensate.hpp */ = {isa = PBXFileReference; fileEncoding = 4; lastKnownFileType = sourcecode.cpp.h; path = exposure_compensate.hpp; sourceTree = "<group>"; };
		1B26D6EF1B1755E200287C29 /* matchers.hpp */ = {isa = PBXFileReference; fileEncoding = 4; lastKnownFileType = sourcecode.cpp.h; path = matchers.hpp; sourceTree = "<group>"; };
		1B26D6F01B1755E200287C29 /* motion_estimators.hpp */ = {isa = PBXFileReference; fileEncoding = 4; lastKnownFileType = sourcecode.cpp.h; path = motion_estimators.hpp; sourceTree = "<group>"; };
		1B26D6F11B1755E200287C29 /* seam_finders.hpp */ = {isa = PBXFileReference; fileEncoding = 4; lastKnownFileType = sourcecode.cpp.h; path = seam_finders.hpp; sourceTree = "<group>"; };
		1B26D6F21B1755E200287C29 /* timelapsers.hpp */ = {isa = PBXFileReference; fileEncoding = 4; lastKnownFileType = sourcecode.cpp.h; path = timelapsers.hpp; sourceTree = "<group>"; };
		1B26D6F31B1755E200287C29 /* util.hpp */ = {isa = PBXFileReference; fileEncoding = 4; lastKnownFileType = sourcecode.cpp.h; path = util.hpp; sourceTree = "<group>"; };
		1B26D6F41B1755E200287C29 /* util_inl.hpp */ = {isa = PBXFileReference; fileEncoding = 4; lastKnownFileType = sourcecode.cpp.h; path = util_inl.hpp; sourceTree = "<group>"; };
		1B26D6F51B1755E200287C29 /* warpers.hpp */ = {isa = PBXFileReference; fileEncoding = 4; lastKnownFileType = sourcecode.cpp.h; path = warpers.hpp; sourceTree = "<group>"; };
		1B26D6F61B1755E200287C29 /* warpers_inl.hpp */ = {isa = PBXFileReference; fileEncoding = 4; lastKnownFileType = sourcecode.cpp.h; path = warpers_inl.hpp; sourceTree = "<group>"; };
		1B26D6F71B1755E200287C29 /* warpers.hpp */ = {isa = PBXFileReference; fileEncoding = 4; lastKnownFileType = sourcecode.cpp.h; path = warpers.hpp; sourceTree = "<group>"; };
		1B26D6F81B1755E200287C29 /* stitching.hpp */ = {isa = PBXFileReference; fileEncoding = 4; lastKnownFileType = sourcecode.cpp.h; path = stitching.hpp; sourceTree = "<group>"; };
		1B26D6FA1B1755E200287C29 /* optical_flow.hpp */ = {isa = PBXFileReference; fileEncoding = 4; lastKnownFileType = sourcecode.cpp.h; path = optical_flow.hpp; sourceTree = "<group>"; };
		1B26D6FB1B1755E200287C29 /* superres.hpp */ = {isa = PBXFileReference; fileEncoding = 4; lastKnownFileType = sourcecode.cpp.h; path = superres.hpp; sourceTree = "<group>"; };
		1B26D6FD1B1755E200287C29 /* cuda_perf.hpp */ = {isa = PBXFileReference; fileEncoding = 4; lastKnownFileType = sourcecode.cpp.h; path = cuda_perf.hpp; sourceTree = "<group>"; };
		1B26D6FE1B1755E200287C29 /* cuda_test.hpp */ = {isa = PBXFileReference; fileEncoding = 4; lastKnownFileType = sourcecode.cpp.h; path = cuda_test.hpp; sourceTree = "<group>"; };
		1B26D6FF1B1755E200287C29 /* ocl_perf.hpp */ = {isa = PBXFileReference; fileEncoding = 4; lastKnownFileType = sourcecode.cpp.h; path = ocl_perf.hpp; sourceTree = "<group>"; };
		1B26D7001B1755E200287C29 /* ocl_test.hpp */ = {isa = PBXFileReference; fileEncoding = 4; lastKnownFileType = sourcecode.cpp.h; path = ocl_test.hpp; sourceTree = "<group>"; };
		1B26D7011B1755E200287C29 /* ts_ext.hpp */ = {isa = PBXFileReference; fileEncoding = 4; lastKnownFileType = sourcecode.cpp.h; path = ts_ext.hpp; sourceTree = "<group>"; };
		1B26D7021B1755E200287C29 /* ts_gtest.h */ = {isa = PBXFileReference; fileEncoding = 4; lastKnownFileType = sourcecode.c.h; path = ts_gtest.h; sourceTree = "<group>"; };
		1B26D7031B1755E200287C29 /* ts_perf.hpp */ = {isa = PBXFileReference; fileEncoding = 4; lastKnownFileType = sourcecode.cpp.h; path = ts_perf.hpp; sourceTree = "<group>"; };
		1B26D7041B1755E200287C29 /* ts.hpp */ = {isa = PBXFileReference; fileEncoding = 4; lastKnownFileType = sourcecode.cpp.h; path = ts.hpp; sourceTree = "<group>"; };
		1B26D7061B1755E200287C29 /* background_segm.hpp */ = {isa = PBXFileReference; fileEncoding = 4; lastKnownFileType = sourcecode.cpp.h; path = background_segm.hpp; sourceTree = "<group>"; };
		1B26D7071B1755E200287C29 /* tracking.hpp */ = {isa = PBXFileReference; fileEncoding = 4; lastKnownFileType = sourcecode.cpp.h; path = tracking.hpp; sourceTree = "<group>"; };
		1B26D7081B1755E200287C29 /* tracking_c.h */ = {isa = PBXFileReference; fileEncoding = 4; lastKnownFileType = sourcecode.c.h; path = tracking_c.h; sourceTree = "<group>"; };
		1B26D7091B1755E200287C29 /* video.hpp */ = {isa = PBXFileReference; fileEncoding = 4; lastKnownFileType = sourcecode.cpp.h; path = video.hpp; sourceTree = "<group>"; };
		1B26D70A1B1755E200287C29 /* video.hpp */ = {isa = PBXFileReference; fileEncoding = 4; lastKnownFileType = sourcecode.cpp.h; path = video.hpp; sourceTree = "<group>"; };
		1B26D70C1B1755E200287C29 /* cap_ios.h */ = {isa = PBXFileReference; fileEncoding = 4; lastKnownFileType = sourcecode.c.h; path = cap_ios.h; sourceTree = "<group>"; };
		1B26D70D1B1755E200287C29 /* videoio.hpp */ = {isa = PBXFileReference; fileEncoding = 4; lastKnownFileType = sourcecode.cpp.h; path = videoio.hpp; sourceTree = "<group>"; };
		1B26D70E1B1755E200287C29 /* videoio_c.h */ = {isa = PBXFileReference; fileEncoding = 4; lastKnownFileType = sourcecode.c.h; path = videoio_c.h; sourceTree = "<group>"; };
		1B26D70F1B1755E200287C29 /* videoio.hpp */ = {isa = PBXFileReference; fileEncoding = 4; lastKnownFileType = sourcecode.cpp.h; path = videoio.hpp; sourceTree = "<group>"; };
		1B26D7111B1755E200287C29 /* deblurring.hpp */ = {isa = PBXFileReference; fileEncoding = 4; lastKnownFileType = sourcecode.cpp.h; path = deblurring.hpp; sourceTree = "<group>"; };
		1B26D7121B1755E200287C29 /* fast_marching.hpp */ = {isa = PBXFileReference; fileEncoding = 4; lastKnownFileType = sourcecode.cpp.h; path = fast_marching.hpp; sourceTree = "<group>"; };
		1B26D7131B1755E200287C29 /* fast_marching_inl.hpp */ = {isa = PBXFileReference; fileEncoding = 4; lastKnownFileType = sourcecode.cpp.h; path = fast_marching_inl.hpp; sourceTree = "<group>"; };
		1B26D7141B1755E200287C29 /* frame_source.hpp */ = {isa = PBXFileReference; fileEncoding = 4; lastKnownFileType = sourcecode.cpp.h; path = frame_source.hpp; sourceTree = "<group>"; };
		1B26D7151B1755E200287C29 /* global_motion.hpp */ = {isa = PBXFileReference; fileEncoding = 4; lastKnownFileType = sourcecode.cpp.h; path = global_motion.hpp; sourceTree = "<group>"; };
		1B26D7161B1755E200287C29 /* inpainting.hpp */ = {isa = PBXFileReference; fileEncoding = 4; lastKnownFileType = sourcecode.cpp.h; path = inpainting.hpp; sourceTree = "<group>"; };
		1B26D7171B1755E200287C29 /* log.hpp */ = {isa = PBXFileReference; fileEncoding = 4; lastKnownFileType = sourcecode.cpp.h; path = log.hpp; sourceTree = "<group>"; };
		1B26D7181B1755E200287C29 /* motion_core.hpp */ = {isa = PBXFileReference; fileEncoding = 4; lastKnownFileType = sourcecode.cpp.h; path = motion_core.hpp; sourceTree = "<group>"; };
		1B26D7191B1755E200287C29 /* motion_stabilizing.hpp */ = {isa = PBXFileReference; fileEncoding = 4; lastKnownFileType = sourcecode.cpp.h; path = motion_stabilizing.hpp; sourceTree = "<group>"; };
		1B26D71A1B1755E200287C29 /* optical_flow.hpp */ = {isa = PBXFileReference; fileEncoding = 4; lastKnownFileType = sourcecode.cpp.h; path = optical_flow.hpp; sourceTree = "<group>"; };
		1B26D71B1B1755E200287C29 /* outlier_rejection.hpp */ = {isa = PBXFileReference; fileEncoding = 4; lastKnownFileType = sourcecode.cpp.h; path = outlier_rejection.hpp; sourceTree = "<group>"; };
		1B26D71C1B1755E200287C29 /* ring_buffer.hpp */ = {isa = PBXFileReference; fileEncoding = 4; lastKnownFileType = sourcecode.cpp.h; path = ring_buffer.hpp; sourceTree = "<group>"; };
		1B26D71D1B1755E200287C29 /* stabilizer.hpp */ = {isa = PBXFileReference; fileEncoding = 4; lastKnownFileType = sourcecode.cpp.h; path = stabilizer.hpp; sourceTree = "<group>"; };
		1B26D71E1B1755E200287C29 /* wobble_suppression.hpp */ = {isa = PBXFileReference; fileEncoding = 4; lastKnownFileType = sourcecode.cpp.h; path = wobble_suppression.hpp; sourceTree = "<group>"; };
		1B26D71F1B1755E200287C29 /* videostab.hpp */ = {isa = PBXFileReference; fileEncoding = 4; lastKnownFileType = sourcecode.cpp.h; path = videostab.hpp; sourceTree = "<group>"; };
		1B26D7211B1755E200287C29 /* cv2.so */ = {isa = PBXFileReference; lastKnownFileType = "compiled.mach-o.dylib"; path = cv2.so; sourceTree = "<group>"; };
		1B26D7221B1755E200287C29 /* libopencv_calib3d.a */ = {isa = PBXFileReference; lastKnownFileType = archive.ar; path = libopencv_calib3d.a; sourceTree = "<group>"; };
		1B26D7231B1755E200287C29 /* libopencv_core.a */ = {isa = PBXFileReference; lastKnownFileType = archive.ar; path = libopencv_core.a; sourceTree = "<group>"; };
		1B26D7241B1755E200287C29 /* libopencv_features2d.a */ = {isa = PBXFileReference; lastKnownFileType = archive.ar; path = libopencv_features2d.a; sourceTree = "<group>"; };
		1B26D7251B1755E200287C29 /* libopencv_flann.a */ = {isa = PBXFileReference; lastKnownFileType = archive.ar; path = libopencv_flann.a; sourceTree = "<group>"; };
		1B26D7261B1755E200287C29 /* libopencv_highgui.a */ = {isa = PBXFileReference; lastKnownFileType = archive.ar; path = libopencv_highgui.a; sourceTree = "<group>"; };
		1B26D7271B1755E200287C29 /* libopencv_imgcodecs.a */ = {isa = PBXFileReference; lastKnownFileType = archive.ar; path = libopencv_imgcodecs.a; sourceTree = "<group>"; };
		1B26D7281B1755E200287C29 /* libopencv_imgproc.a */ = {isa = PBXFileReference; lastKnownFileType = archive.ar; path = libopencv_imgproc.a; sourceTree = "<group>"; };
		1B26D7291B1755E200287C29 /* libopencv_ml.a */ = {isa = PBXFileReference; lastKnownFileType = archive.ar; path = libopencv_ml.a; sourceTree = "<group>"; };
		1B26D72A1B1755E200287C29 /* libopencv_objdetect.a */ = {isa = PBXFileReference; lastKnownFileType = archive.ar; path = libopencv_objdetect.a; sourceTree = "<group>"; };
		1B26D72B1B1755E200287C29 /* libopencv_photo.a */ = {isa = PBXFileReference; lastKnownFileType = archive.ar; path = libopencv_photo.a; sourceTree = "<group>"; };
		1B26D72C1B1755E200287C29 /* libopencv_shape.a */ = {isa = PBXFileReference; lastKnownFileType = archive.ar; path = libopencv_shape.a; sourceTree = "<group>"; };
		1B26D72D1B1755E200287C29 /* libopencv_stitching.a */ = {isa = PBXFileReference; lastKnownFileType = archive.ar; path = libopencv_stitching.a; sourceTree = "<group>"; };
		1B26D72E1B1755E200287C29 /* libopencv_superres.a */ = {isa = PBXFileReference; lastKnownFileType = archive.ar; path = libopencv_superres.a; sourceTree = "<group>"; };
		1B26D72F1B1755E200287C29 /* libopencv_ts.a */ = {isa = PBXFileReference; lastKnownFileType = archive.ar; path = libopencv_ts.a; sourceTree = "<group>"; };
		1B26D7301B1755E200287C29 /* libopencv_video.a */ = {isa = PBXFileReference; lastKnownFileType = archive.ar; path = libopencv_video.a; sourceTree = "<group>"; };
		1B26D7311B1755E200287C29 /* libopencv_videoio.a */ = {isa = PBXFileReference; lastKnownFileType = archive.ar; path = libopencv_videoio.a; sourceTree = "<group>"; };
		1B26D7321B1755E200287C29 /* libopencv_videostab.a */ = {isa = PBXFileReference; lastKnownFileType = archive.ar; path = libopencv_videostab.a; sourceTree = "<group>"; };
		1B26D7451B175C5D00287C29 /* CoreGraphics.framework */ = {isa = PBXFileReference; lastKnownFileType = wrapper.framework; name = CoreGraphics.framework; path = System/Library/Frameworks/CoreGraphics.framework; sourceTree = SDKROOT; };
		1B26D7471B175C6A00287C29 /* OpenCL.framework */ = {isa = PBXFileReference; lastKnownFileType = wrapper.framework; name = OpenCL.framework; path = System/Library/Frameworks/OpenCL.framework; sourceTree = SDKROOT; };
		1B26D74A1B175C8100287C29 /* libz.dylib */ = {isa = PBXFileReference; lastKnownFileType = "compiled.mach-o.dylib"; name = libz.dylib; path = usr/lib/libz.dylib; sourceTree = SDKROOT; };
		1B26D74C1B1A41F300287C29 /* v002_Open_Kinect_FurthestDepthImagePlugIn.h */ = {isa = PBXFileReference; fileEncoding = 4; lastKnownFileType = sourcecode.c.h; path = v002_Open_Kinect_FurthestDepthImagePlugIn.h; sourceTree = "<group>"; };
		1B26D74D1B1A41F300287C29 /* v002_Open_Kinect_FurthestDepthImagePlugIn.m */ = {isa = PBXFileReference; fileEncoding = 4; lastKnownFileType = sourcecode.c.objc; path = v002_Open_Kinect_FurthestDepthImagePlugIn.m; sourceTree = "<group>"; };
		1B26D74F1B1A484400287C29 /* v002.OpenKinectFurthestDepth.vert */ = {isa = PBXFileReference; fileEncoding = 4; lastKnownFileType = sourcecode.glsl; path = v002.OpenKinectFurthestDepth.vert; sourceTree = "<group>"; };
		1B26D7501B1A485700287C29 /* v002.OpenKinectFurthestDepth.frag */ = {isa = PBXFileReference; fileEncoding = 4; lastKnownFileType = sourcecode.glsl; path = v002.OpenKinectFurthestDepth.frag; sourceTree = "<group>"; };
		1B56E8C912EE5BB400240B43 /* Accelerate.framework */ = {isa = PBXFileReference; lastKnownFileType = wrapper.framework; name = Accelerate.framework; path = System/Library/Frameworks/Accelerate.framework; sourceTree = SDKROOT; };
		1B578C211B02EAD800D76F62 /* libfreenect_audio.h */ = {isa = PBXFileReference; lastKnownFileType = sourcecode.c.h; path = libfreenect_audio.h; sourceTree = "<group>"; };
		1B578C221B02EAD800D76F62 /* libfreenect_registration.h */ = {isa = PBXFileReference; lastKnownFileType = sourcecode.c.h; path = libfreenect_registration.h; sourceTree = "<group>"; };
		1B578C251B02ECE200D76F62 /* audio.c */ = {isa = PBXFileReference; fileEncoding = 4; lastKnownFileType = sourcecode.c.c; path = audio.c; sourceTree = "<group>"; };
		1B578C261B02ECE200D76F62 /* cameras.c */ = {isa = PBXFileReference; fileEncoding = 4; lastKnownFileType = sourcecode.c.c; path = cameras.c; sourceTree = "<group>"; };
		1B578C271B02ECE200D76F62 /* cameras.h */ = {isa = PBXFileReference; fileEncoding = 4; lastKnownFileType = sourcecode.c.h; path = cameras.h; sourceTree = "<group>"; };
		1B578C281B02ECE200D76F62 /* CMakeLists.txt */ = {isa = PBXFileReference; fileEncoding = 4; lastKnownFileType = text; path = CMakeLists.txt; sourceTree = "<group>"; };
		1B578C291B02ECE200D76F62 /* core.c */ = {isa = PBXFileReference; fileEncoding = 4; lastKnownFileType = sourcecode.c.c; path = core.c; sourceTree = "<group>"; };
		1B578C2A1B02ECE200D76F62 /* flags.c */ = {isa = PBXFileReference; fileEncoding = 4; lastKnownFileType = sourcecode.c.c; path = flags.c; sourceTree = "<group>"; };
		1B578C2B1B02ECE200D76F62 /* flags.h */ = {isa = PBXFileReference; fileEncoding = 4; lastKnownFileType = sourcecode.c.h; path = flags.h; sourceTree = "<group>"; };
		1B578C2C1B02ECE200D76F62 /* freenect_internal.h */ = {isa = PBXFileReference; fileEncoding = 4; lastKnownFileType = sourcecode.c.h; path = freenect_internal.h; sourceTree = "<group>"; };
		1B578C2D1B02ECE200D76F62 /* fwfetcher.py */ = {isa = PBXFileReference; fileEncoding = 4; lastKnownFileType = text.script.python; path = fwfetcher.py; sourceTree = "<group>"; };
		1B578C2E1B02ECE200D76F62 /* libfreenect.pc.in */ = {isa = PBXFileReference; fileEncoding = 4; lastKnownFileType = text; path = libfreenect.pc.in; sourceTree = "<group>"; };
		1B578C2F1B02ECE200D76F62 /* loader.c */ = {isa = PBXFileReference; fileEncoding = 4; lastKnownFileType = sourcecode.c.c; path = loader.c; sourceTree = "<group>"; };
		1B578C301B02ECE200D76F62 /* loader.h */ = {isa = PBXFileReference; fileEncoding = 4; lastKnownFileType = sourcecode.c.h; path = loader.h; sourceTree = "<group>"; };
		1B578C311B02ECE200D76F62 /* registration.c */ = {isa = PBXFileReference; fileEncoding = 4; lastKnownFileType = sourcecode.c.c; path = registration.c; sourceTree = "<group>"; };
		1B578C321B02ECE200D76F62 /* registration.h */ = {isa = PBXFileReference; fileEncoding = 4; lastKnownFileType = sourcecode.c.h; path = registration.h; sourceTree = "<group>"; };
		1B578C331B02ECE200D76F62 /* tilt.c */ = {isa = PBXFileReference; fileEncoding = 4; lastKnownFileType = sourcecode.c.c; path = tilt.c; sourceTree = "<group>"; };
		1B578C341B02ECE200D76F62 /* usb_libusb10.c */ = {isa = PBXFileReference; fileEncoding = 4; lastKnownFileType = sourcecode.c.c; path = usb_libusb10.c; sourceTree = "<group>"; };
		1B578C351B02ECE200D76F62 /* usb_libusb10.h */ = {isa = PBXFileReference; fileEncoding = 4; lastKnownFileType = sourcecode.c.h; path = usb_libusb10.h; sourceTree = "<group>"; };
		1B58798A1550AFF3006A9933 /* README.md */ = {isa = PBXFileReference; fileEncoding = 4; lastKnownFileType = text; path = README.md; sourceTree = "<group>"; };
		1B58798B1550AFF3006A9933 /* v002FBO.h */ = {isa = PBXFileReference; fileEncoding = 4; lastKnownFileType = sourcecode.c.h; path = v002FBO.h; sourceTree = "<group>"; };
		1B58798C1550AFF3006A9933 /* v002FBO.m */ = {isa = PBXFileReference; fileEncoding = 4; lastKnownFileType = sourcecode.c.objc; path = v002FBO.m; sourceTree = "<group>"; };
		1B58798D1550AFF3006A9933 /* v002MasterPluginInterface.h */ = {isa = PBXFileReference; fileEncoding = 4; lastKnownFileType = sourcecode.c.h; path = v002MasterPluginInterface.h; sourceTree = "<group>"; };
		1B58798E1550AFF3006A9933 /* v002MasterPluginInterface.m */ = {isa = PBXFileReference; fileEncoding = 4; lastKnownFileType = sourcecode.c.objc; path = v002MasterPluginInterface.m; sourceTree = "<group>"; };
		1B58798F1550AFF3006A9933 /* v002Shader.h */ = {isa = PBXFileReference; fileEncoding = 4; lastKnownFileType = sourcecode.c.h; path = v002Shader.h; sourceTree = "<group>"; };
		1B5879901550AFF3006A9933 /* v002Shader.m */ = {isa = PBXFileReference; fileEncoding = 4; lastKnownFileType = sourcecode.c.objc; path = v002Shader.m; sourceTree = "<group>"; };
		1B5879911550AFF3006A9933 /* v002UniqueClassNames.h */ = {isa = PBXFileReference; fileEncoding = 4; lastKnownFileType = sourcecode.c.h; path = v002UniqueClassNames.h; sourceTree = "<group>"; };
		1B5879981550B119006A9933 /* README.md */ = {isa = PBXFileReference; lastKnownFileType = text; path = README.md; sourceTree = "<group>"; };
		1B5FE4FB1B20E5FF00EED2A1 /* v002_Open_Kinect_FurthestDepthImagePlugIn.h */ = {isa = PBXFileReference; fileEncoding = 4; lastKnownFileType = sourcecode.c.h; path = v002_Open_Kinect_FurthestDepthImagePlugIn.h; sourceTree = "<group>"; };
		1B5FE4FC1B20E5FF00EED2A1 /* v002_Open_Kinect_FurthestDepthImagePlugIn.m */ = {isa = PBXFileReference; fileEncoding = 4; lastKnownFileType = sourcecode.c.objc; path = v002_Open_Kinect_FurthestDepthImagePlugIn.m; sourceTree = "<group>"; };
		1B8094EB15B5BA2B00CA3BCA /* libusb-1.0.0.dylib */ = {isa = PBXFileReference; lastKnownFileType = "compiled.mach-o.dylib"; path = "libusb-1.0.0.dylib"; sourceTree = "<group>"; };
		1B999E5415BF653700AFA262 /* icon.icns */ = {isa = PBXFileReference; lastKnownFileType = image.icns; path = icon.icns; sourceTree = "<group>"; };
		8D5B49B6048680CD000E48DA /* v002 Open Kinect.plugin */ = {isa = PBXFileReference; explicitFileType = wrapper.cfbundle; includeInIndex = 0; path = "v002 Open Kinect.plugin"; sourceTree = BUILT_PRODUCTS_DIR; };
		8D5B49B7048680CD000E48DA /* Info.plist */ = {isa = PBXFileReference; fileEncoding = 4; lastKnownFileType = text.plist.xml; path = Info.plist; sourceTree = "<group>"; };
/* End PBXFileReference section */

/* Begin PBXFrameworksBuildPhase section */
		8D5B49B3048680CD000E48DA /* Frameworks */ = {
			isa = PBXFrameworksBuildPhase;
			buildActionMask = 2147483647;
			files = (
				1B8094EC15B5BA2B00CA3BCA /* libusb-1.0.0.dylib in Frameworks */,
				1B56E8E812EE5E3D00240B43 /* Accelerate.framework in Frameworks */,
				8D5B49B4048680CD000E48DA /* Cocoa.framework in Frameworks */,
				16BA96310A7EB9AC001E4983 /* Quartz.framework in Frameworks */,
				1B05E58B137AF4850032471B /* OpenGL.framework in Frameworks */,
			);
			runOnlyForDeploymentPostprocessing = 0;
		};
/* End PBXFrameworksBuildPhase section */

/* Begin PBXGroup section */
		089C166AFE841209C02AAC07 /* Quartz Composer Plug In */ = {
			isa = PBXGroup;
			children = (
				1B5879981550B119006A9933 /* README.md */,
				08FB77AFFE84173DC02AAC07 /* Classes */,
				32C88E010371C26100C91783 /* Other Sources */,
				089C167CFE841241C02AAC07 /* Resources */,
				089C1671FE841209C02AAC07 /* Frameworks */,
				19C28FB8FE9D52D311CA2CBB /* Products */,
			);
			name = "Quartz Composer Plug In";
			sourceTree = "<group>";
		};
		089C1671FE841209C02AAC07 /* Frameworks */ = {
			isa = PBXGroup;
			children = (
				1B8094EB15B5BA2B00CA3BCA /* libusb-1.0.0.dylib */,
				1B05E58A137AF4850032471B /* OpenGL.framework */,
				16BA96300A7EB9AC001E4983 /* Quartz.framework */,
				1058C7ADFEA557BF11CA2CBB /* Cocoa.framework */,
				1B56E8C912EE5BB400240B43 /* Accelerate.framework */,
			);
			name = Frameworks;
			sourceTree = "<group>";
		};
		089C167CFE841241C02AAC07 /* Resources */ = {
			isa = PBXGroup;
			children = (
				8D5B49B7048680CD000E48DA /* Info.plist */,
				1B05E5F8137AFBE60032471B /* v002.OpenKinectDepth.vert */,
				1B05E5F9137AFBED0032471B /* v002.OpenKinectDepth.frag */,
				1B26D74F1B1A484400287C29 /* v002.OpenKinectFurthestDepth.vert */,
				1B26D7501B1A485700287C29 /* v002.OpenKinectFurthestDepth.frag */,
			);
			name = Resources;
			sourceTree = "<group>";
		};
		08FB77AFFE84173DC02AAC07 /* Classes */ = {
			isa = PBXGroup;
			children = (
				1B5879891550AFF3006A9933 /* v002 Utilities */,
				1B05E6C9137B0AC00032471B /* OpenKinect */,
				1B05E6AD137B09300032471B /* libusb */,
				16BA95400A7EB2EB001E4983 /* v002_Open_KinectPlugIn.h */,
				16BA95410A7EB2EB001E4983 /* v002_Open_KinectPlugIn.m */,
				1B5FE4FB1B20E5FF00EED2A1 /* v002_Open_Kinect_FurthestDepthImagePlugIn.h */,
				1B5FE4FC1B20E5FF00EED2A1 /* v002_Open_Kinect_FurthestDepthImagePlugIn.m */,
			);
			name = Classes;
			sourceTree = "<group>";
		};
		19C28FB8FE9D52D311CA2CBB /* Products */ = {
			isa = PBXGroup;
			children = (
				8D5B49B6048680CD000E48DA /* v002 Open Kinect.plugin */,
			);
			name = Products;
			sourceTree = "<group>";
		};
		1B05E6AD137B09300032471B /* libusb */ = {
			isa = PBXGroup;
			children = (
				1B05E6AE137B09300032471B /* libusb.h */,
			);
			path = libusb;
			sourceTree = "<group>";
		};
		1B05E6C9137B0AC00032471B /* OpenKinect */ = {
			isa = PBXGroup;
			children = (
				1B05E6CA137B0AC00032471B /* include */,
				1B05E6CC137B0AC00032471B /* src */,
			);
			path = OpenKinect;
			sourceTree = "<group>";
		};
		1B05E6CA137B0AC00032471B /* include */ = {
			isa = PBXGroup;
			children = (
				1B05E6CB137B0AC00032471B /* libfreenect.h */,
				1B578C211B02EAD800D76F62 /* libfreenect_audio.h */,
				1B578C221B02EAD800D76F62 /* libfreenect_registration.h */,
			);
			path = include;
			sourceTree = "<group>";
		};
		1B05E6CC137B0AC00032471B /* src */ = {
			isa = PBXGroup;
			children = (
				1B578C251B02ECE200D76F62 /* audio.c */,
				1B578C261B02ECE200D76F62 /* cameras.c */,
				1B578C271B02ECE200D76F62 /* cameras.h */,
				1B578C281B02ECE200D76F62 /* CMakeLists.txt */,
				1B578C291B02ECE200D76F62 /* core.c */,
				1B578C2A1B02ECE200D76F62 /* flags.c */,
				1B578C2B1B02ECE200D76F62 /* flags.h */,
				1B578C2C1B02ECE200D76F62 /* freenect_internal.h */,
				1B578C2D1B02ECE200D76F62 /* fwfetcher.py */,
				1B578C2E1B02ECE200D76F62 /* libfreenect.pc.in */,
				1B578C2F1B02ECE200D76F62 /* loader.c */,
				1B578C301B02ECE200D76F62 /* loader.h */,
				1B578C311B02ECE200D76F62 /* registration.c */,
				1B578C321B02ECE200D76F62 /* registration.h */,
				1B578C331B02ECE200D76F62 /* tilt.c */,
				1B578C341B02ECE200D76F62 /* usb_libusb10.c */,
				1B578C351B02ECE200D76F62 /* usb_libusb10.h */,
			);
			path = src;
			sourceTree = "<group>";
		};
		1B5879891550AFF3006A9933 /* v002 Utilities */ = {
			isa = PBXGroup;
			children = (
				1B999E5415BF653700AFA262 /* icon.icns */,
				1B58798A1550AFF3006A9933 /* README.md */,
				1B58798B1550AFF3006A9933 /* v002FBO.h */,
				1B58798C1550AFF3006A9933 /* v002FBO.m */,
				1B58798D1550AFF3006A9933 /* v002MasterPluginInterface.h */,
				1B58798E1550AFF3006A9933 /* v002MasterPluginInterface.m */,
				1B58798F1550AFF3006A9933 /* v002Shader.h */,
				1B5879901550AFF3006A9933 /* v002Shader.m */,
				1B5879911550AFF3006A9933 /* v002UniqueClassNames.h */,
			);
			path = "v002 Utilities";
			sourceTree = "<group>";
		};
		32C88E010371C26100C91783 /* Other Sources */ = {
			isa = PBXGroup;
			children = (
				16AA5C440A7EEE7300888E31 /* v002 Open Kinect_Prefix.pch */,
			);
			name = "Other Sources";
			sourceTree = "<group>";
		};
/* End PBXGroup section */

/* Begin PBXNativeTarget section */
		8D5B49AC048680CD000E48DA /* v002 Open Kinect */ = {
			isa = PBXNativeTarget;
			buildConfigurationList = 1DEB913A08733D840010E9CD /* Build configuration list for PBXNativeTarget "v002 Open Kinect" */;
			buildPhases = (
				8D5B49B1048680CD000E48DA /* Sources */,
				8D5B49B3048680CD000E48DA /* Frameworks */,
				1BAEAD22130CEA5600004F32 /* CopyFiles */,
				1B05E609137AFF170032471B /* CopyFiles */,
				1B9FD37013106FCE00DC4157 /* ShellScript */,
				1B8094ED15B5BAB300CA3BCA /* ShellScript */,
			);
			buildRules = (
			);
			dependencies = (
			);
			name = "v002 Open Kinect";
			productInstallPath = "$(HOME)/Library/Bundles";
			productName = "Quartz Composer Plug In";
			productReference = 8D5B49B6048680CD000E48DA /* v002 Open Kinect.plugin */;
			productType = "com.apple.product-type.bundle";
		};
/* End PBXNativeTarget section */

/* Begin PBXProject section */
		089C1669FE841209C02AAC07 /* Project object */ = {
			isa = PBXProject;
			attributes = {
				LastUpgradeCheck = 0500;
			};
			buildConfigurationList = 1DEB913E08733D840010E9CD /* Build configuration list for PBXProject "v002 Open Kinect" */;
			compatibilityVersion = "Xcode 3.2";
			developmentRegion = English;
			hasScannedForEncodings = 1;
			knownRegions = (
				English,
				Japanese,
				French,
				German,
			);
			mainGroup = 089C166AFE841209C02AAC07 /* Quartz Composer Plug In */;
			projectDirPath = "";
			projectRoot = "";
			targets = (
				8D5B49AC048680CD000E48DA /* v002 Open Kinect */,
			);
		};
/* End PBXProject section */

/* Begin PBXShellScriptBuildPhase section */
		1B8094ED15B5BAB300CA3BCA /* ShellScript */ = {
			isa = PBXShellScriptBuildPhase;
			buildActionMask = 2147483647;
			files = (
			);
			inputPaths = (
			);
			outputPaths = (
			);
			runOnlyForDeploymentPostprocessing = 0;
			shellPath = /bin/sh;
			shellScript = "# This shell script simply copies the built plug-in to \"~/Library/Graphics/Quartz Composer Plug-Ins\" and overrides any previous version at that location\n\nmkdir -p \"$USER_LIBRARY_DIR/Graphics/Quartz Composer Plug-Ins\"\nrm -rf \"$USER_LIBRARY_DIR/Graphics/Quartz Composer Plug-Ins/v002 Open Kinect.plugin\"\ncp -rf \"$BUILT_PRODUCTS_DIR/v002 Open Kinect.plugin\" \"$USER_LIBRARY_DIR/Graphics/Quartz Composer Plug-Ins/\"\n";
		};
		1B9FD37013106FCE00DC4157 /* ShellScript */ = {
			isa = PBXShellScriptBuildPhase;
			buildActionMask = 2147483647;
			files = (
			);
			inputPaths = (
			);
			outputPaths = (
			);
			runOnlyForDeploymentPostprocessing = 0;
			shellPath = /bin/sh;
			shellScript = "install_name_tool -change @rpath/libusb-1.0.0.dylib @loader_path/../Frameworks/libusb-1.0.0.dylib \"$TARGET_BUILD_DIR/$PRODUCT_NAME.plugin/Contents/MacOS/$PRODUCT_NAME\"\n\n#install_name_tool -change /SVNRepositories/libfreenect/build/lib/libfreenect.0.0.dylib @loader_path/../Frameworks/libfreenect.0.0.1.dylib \"$TARGET_BUILD_DIR/$PRODUCT_NAME.plugin/Contents/MacOS/$PRODUCT_NAME\" \n#install_name_tool -change /usr/local/lib/libusb-1.0.0.dylib @loader_path/../Frameworks/libusb-1.0.0.dylib \"$TARGET_BUILD_DIR/$PRODUCT_NAME.plugin/Contents/Frameworks/libfreenect.0.0.1.dylib\" \n";
		};
/* End PBXShellScriptBuildPhase section */

/* Begin PBXSourcesBuildPhase section */
		8D5B49B1048680CD000E48DA /* Sources */ = {
			isa = PBXSourcesBuildPhase;
			buildActionMask = 2147483647;
			files = (
				1B578C3C1B02ECE200D76F62 /* tilt.c in Sources */,
				1B578C3A1B02ECE200D76F62 /* loader.c in Sources */,
				1B578C3D1B02ECE200D76F62 /* usb_libusb10.c in Sources */,
				16BA95420A7EB2EB001E4983 /* v002_Open_KinectPlugIn.m in Sources */,
				1B5879921550AFF3006A9933 /* v002FBO.m in Sources */,
				1B578C381B02ECE200D76F62 /* core.c in Sources */,
				1B578C371B02ECE200D76F62 /* cameras.c in Sources */,
				1B578C3B1B02ECE200D76F62 /* registration.c in Sources */,
				1B578C361B02ECE200D76F62 /* audio.c in Sources */,
				1B26D7511B1A4D5D00287C29 /* v002MasterPluginInterface.m in Sources */,
				1B578C391B02ECE200D76F62 /* flags.c in Sources */,
				1B5879941550AFF3006A9933 /* v002Shader.m in Sources */,
				1B5FE4FD1B20E5FF00EED2A1 /* v002_Open_Kinect_FurthestDepthImagePlugIn.m in Sources */,
			);
			runOnlyForDeploymentPostprocessing = 0;
		};
/* End PBXSourcesBuildPhase section */

/* Begin XCBuildConfiguration section */
		1DEB913B08733D840010E9CD /* Debug */ = {
			isa = XCBuildConfiguration;
			buildSettings = {
				COMBINE_HIDPI_IMAGES = YES;
				COPY_PHASE_STRIP = NO;
				GCC_DYNAMIC_NO_PIC = NO;
				GCC_MODEL_TUNING = G5;
				GCC_OPTIMIZATION_LEVEL = 0;
				GCC_PRECOMPILE_PREFIX_HEADER = YES;
				GCC_PREFIX_HEADER = "v002 Open Kinect_Prefix.pch";
				GCC_PREPROCESSOR_DEFINITIONS = "V002_UNIQUE_CLASS_NAME_PREFIX=v002OpenKinect";
				INFOPLIST_FILE = Info.plist;
				INSTALL_PATH = "$(HOME)/Library/Graphics/Quartz Composer Plug-Ins";
				LIBRARY_SEARCH_PATHS = (
					"$(inherited)",
					"\"$(SRCROOT)\"",
				);
				MACOSX_DEPLOYMENT_TARGET = 10.6;
				PRODUCT_NAME = "v002 Open Kinect";
				WRAPPER_EXTENSION = plugin;
				ZERO_LINK = YES;
			};
			name = Debug;
		};
		1DEB913C08733D840010E9CD /* Release */ = {
			isa = XCBuildConfiguration;
			buildSettings = {
				COMBINE_HIDPI_IMAGES = YES;
				DEBUG_INFORMATION_FORMAT = "dwarf-with-dsym";
				GCC_AUTO_VECTORIZATION = YES;
				GCC_ENABLE_SSE3_EXTENSIONS = YES;
				GCC_MODEL_TUNING = G5;
				GCC_OPTIMIZATION_LEVEL = 3;
				GCC_PRECOMPILE_PREFIX_HEADER = YES;
				GCC_PREFIX_HEADER = "v002 Open Kinect_Prefix.pch";
				GCC_PREPROCESSOR_DEFINITIONS = "V002_UNIQUE_CLASS_NAME_PREFIX=v002OpenKinect";
				GCC_UNROLL_LOOPS = YES;
				INFOPLIST_FILE = Info.plist;
				INSTALL_PATH = "$(HOME)/Library/Graphics/Quartz Composer Plug-Ins";
				LIBRARY_SEARCH_PATHS = (
					"$(inherited)",
					"\"$(SRCROOT)\"",
				);
				MACOSX_DEPLOYMENT_TARGET = 10.6;
				PRODUCT_NAME = "v002 Open Kinect";
				WRAPPER_EXTENSION = plugin;
			};
			name = Release;
		};
		1DEB913F08733D840010E9CD /* Debug */ = {
			isa = XCBuildConfiguration;
			buildSettings = {
				ARCHS = "$(ARCHS_STANDARD_32_64_BIT)";
				GCC_C_LANGUAGE_STANDARD = gnu99;
				GCC_WARN_ABOUT_RETURN_TYPE = YES;
				GCC_WARN_UNUSED_VARIABLE = YES;
				HEADER_SEARCH_PATHS = /usr/local/include/;
				LIBRARY_SEARCH_PATHS = "";
				ONLY_ACTIVE_ARCH = YES;
				SDKROOT = macosx;
				VALID_ARCHS = "i386 x86_64";
			};
			name = Debug;
		};
		1DEB914008733D840010E9CD /* Release */ = {
			isa = XCBuildConfiguration;
			buildSettings = {
				ARCHS = "$(ARCHS_STANDARD_32_64_BIT)";
				GCC_C_LANGUAGE_STANDARD = gnu99;
				GCC_WARN_ABOUT_RETURN_TYPE = YES;
				GCC_WARN_UNUSED_VARIABLE = YES;
				HEADER_SEARCH_PATHS = /usr/local/include/;
				LIBRARY_SEARCH_PATHS = "";
				SDKROOT = macosx;
				VALID_ARCHS = "i386 x86_64";
			};
			name = Release;
		};
/* End XCBuildConfiguration section */

/* Begin XCConfigurationList section */
		1DEB913A08733D840010E9CD /* Build configuration list for PBXNativeTarget "v002 Open Kinect" */ = {
			isa = XCConfigurationList;
			buildConfigurations = (
				1DEB913B08733D840010E9CD /* Debug */,
				1DEB913C08733D840010E9CD /* Release */,
			);
			defaultConfigurationIsVisible = 0;
			defaultConfigurationName = Release;
		};
		1DEB913E08733D840010E9CD /* Build configuration list for PBXProject "v002 Open Kinect" */ = {
			isa = XCConfigurationList;
			buildConfigurations = (
				1DEB913F08733D840010E9CD /* Debug */,
				1DEB914008733D840010E9CD /* Release */,
			);
			defaultConfigurationIsVisible = 0;
			defaultConfigurationName = Release;
		};
/* End XCConfigurationList section */
	};
	rootObject = 089C1669FE841209C02AAC07 /* Project object */;
}
